
Microsoft Visual Studio Solution File, Format Version 12.00
# Visual Studio Version 17
VisualStudioVersion = 17.0.31903.59
MinimumVisualStudioVersion = 10.0.40219.1
Project("{2150E333-8FDC-42A3-9474-1A3956D46DE8}") = "src", "src", "{827E0CD3-B72D-47B6-A68D-7590B98EB39B}"
EndProject
Project("{FAE04EC0-301F-11D3-BF4B-00C04F79EFBC}") = "Selvagen.Core", "src\Selvagen.Core\Selvagen.Core.csproj", "{ABBE70A8-7E80-4243-9B0F-A6B2DB04D1FA}"
EndProject
Project("{FAE04EC0-301F-11D3-BF4B-00C04F79EFBC}") = "Selvagen.GH", "src\Selvagen.GH\Selvagen.GH.csproj", "{4629B390-173E-4797-A82E-22F8EB2BD833}"
EndProject
Project("{FAE04EC0-301F-11D3-BF4B-00C04F79EFBC}") = "Selvagen.Core.Tests", "tests\Selvagen.Core.Tests\Selvagen.Core.Tests.csproj", "{32796916-8FF3-48AA-971D-02AD785D6CD0}"
EndProject
Global
	GlobalSection(SolutionConfigurationPlatforms) = preSolution
		Debug|Any CPU = Debug|Any CPU
		Debug|x64 = Debug|x64
		Debug|x86 = Debug|x86
		Release|Any CPU = Release|Any CPU
		Release|x64 = Release|x64
		Release|x86 = Release|x86
	EndGlobalSection
	GlobalSection(ProjectConfigurationPlatforms) = postSolution
		{ABBE70A8-7E80-4243-9B0F-A6B2DB04D1FA}.Debug|Any CPU.ActiveCfg = Debug|Any CPU
		{ABBE70A8-7E80-4243-9B0F-A6B2DB04D1FA}.Debug|Any CPU.Build.0 = Debug|Any CPU
		{ABBE70A8-7E80-4243-9B0F-A6B2DB04D1FA}.Debug|x64.ActiveCfg = Debug|Any CPU
		{ABBE70A8-7E80-4243-9B0F-A6B2DB04D1FA}.Debug|x64.Build.0 = Debug|Any CPU
		{ABBE70A8-7E80-4243-9B0F-A6B2DB04D1FA}.Debug|x86.ActiveCfg = Debug|Any CPU
		{ABBE70A8-7E80-4243-9B0F-A6B2DB04D1FA}.Debug|x86.Build.0 = Debug|Any CPU
		{ABBE70A8-7E80-4243-9B0F-A6B2DB04D1FA}.Release|Any CPU.ActiveCfg = Release|Any CPU
		{ABBE70A8-7E80-4243-9B0F-A6B2DB04D1FA}.Release|Any CPU.Build.0 = Release|Any CPU
		{ABBE70A8-7E80-4243-9B0F-A6B2DB04D1FA}.Release|x64.ActiveCfg = Release|Any CPU
		{ABBE70A8-7E80-4243-9B0F-A6B2DB04D1FA}.Release|x64.Build.0 = Release|Any CPU
		{ABBE70A8-7E80-4243-9B0F-A6B2DB04D1FA}.Release|x86.ActiveCfg = Release|Any CPU
		{ABBE70A8-7E80-4243-9B0F-A6B2DB04D1FA}.Release|x86.Build.0 = Release|Any CPU
		{4629B390-173E-4797-A82E-22F8EB2BD833}.Debug|Any CPU.ActiveCfg = Debug|Any CPU
		{4629B390-173E-4797-A82E-22F8EB2BD833}.Debug|Any CPU.Build.0 = Debug|Any CPU
		{4629B390-173E-4797-A82E-22F8EB2BD833}.Debug|x64.ActiveCfg = Debug|Any CPU
		{4629B390-173E-4797-A82E-22F8EB2BD833}.Debug|x64.Build.0 = Debug|Any CPU
		{4629B390-173E-4797-A82E-22F8EB2BD833}.Debug|x86.ActiveCfg = Debug|Any CPU
		{4629B390-173E-4797-A82E-22F8EB2BD833}.Debug|x86.Build.0 = Debug|Any CPU
		{4629B390-173E-4797-A82E-22F8EB2BD833}.Release|Any CPU.ActiveCfg = Release|Any CPU
		{4629B390-173E-4797-A82E-22F8EB2BD833}.Release|Any CPU.Build.0 = Release|Any CPU
		{4629B390-173E-4797-A82E-22F8EB2BD833}.Release|x64.ActiveCfg = Release|Any CPU
		{4629B390-173E-4797-A82E-22F8EB2BD833}.Release|x64.Build.0 = Release|Any CPU
		{4629B390-173E-4797-A82E-22F8EB2BD833}.Release|x86.ActiveCfg = Release|Any CPU
		{4629B390-173E-4797-A82E-22F8EB2BD833}.Release|x86.Build.0 = Release|Any CPU
		{32796916-8FF3-48AA-971D-02AD785D6CD0}.Debug|Any CPU.ActiveCfg = Debug|Any CPU
		{32796916-8FF3-48AA-971D-02AD785D6CD0}.Debug|Any CPU.Build.0 = Debug|Any CPU
		{32796916-8FF3-48AA-971D-02AD785D6CD0}.Debug|x64.ActiveCfg = Debug|Any CPU
		{32796916-8FF3-48AA-971D-02AD785D6CD0}.Debug|x64.Build.0 = Debug|Any CPU
		{32796916-8FF3-48AA-971D-02AD785D6CD0}.Debug|x86.ActiveCfg = Debug|Any CPU
		{32796916-8FF3-48AA-971D-02AD785D6CD0}.Debug|x86.Build.0 = Debug|Any CPU
		{32796916-8FF3-48AA-971D-02AD785D6CD0}.Release|Any CPU.ActiveCfg = Release|Any CPU
		{32796916-8FF3-48AA-971D-02AD785D6CD0}.Release|Any CPU.Build.0 = Release|Any CPU
		{32796916-8FF3-48AA-971D-02AD785D6CD0}.Release|x64.ActiveCfg = Release|Any CPU
		{32796916-8FF3-48AA-971D-02AD785D6CD0}.Release|x64.Build.0 = Release|Any CPU
		{32796916-8FF3-48AA-971D-02AD785D6CD0}.Release|x86.ActiveCfg = Release|Any CPU
		{32796916-8FF3-48AA-971D-02AD785D6CD0}.Release|x86.Build.0 = Release|Any CPU
	EndGlobalSection
	GlobalSection(SolutionProperties) = preSolution
		HideSolutionNode = FALSE
	EndGlobalSection
	GlobalSection(NestedProjects) = preSolution
		{ABBE70A8-7E80-4243-9B0F-A6B2DB04D1FA} = {827E0CD3-B72D-47B6-A68D-7590B98EB39B}
		{4629B390-173E-4797-A82E-22F8EB2BD833} = {827E0CD3-B72D-47B6-A68D-7590B98EB39B}
		{32796916-8FF3-48AA-971D-02AD785D6CD0} = {827E0CD3-B72D-47B6-A68D-7590B98EB39B}
	EndGlobalSection
EndGlobal
